// !$*UTF8*$!
{
	archiveVersion = 1;
	classes = {
	};
	objectVersion = 46;
	objects = {

/* Begin PBXBuildFile section */
		261CE4BE1D2A4EC900719B85 /* JXDetailViewController.m in Sources */ = {isa = PBXBuildFile; fileRef = 261CE4BC1D2A4EC900719B85 /* JXDetailViewController.m */; };
		261CE4BF1D2A4EC900719B85 /* JXDetailViewController.xib in Resources */ = {isa = PBXBuildFile; fileRef = 261CE4BD1D2A4EC900719B85 /* JXDetailViewController.xib */; };
		26B31DF71D28E13800721CE4 /* main.m in Sources */ = {isa = PBXBuildFile; fileRef = 26B31DF61D28E13800721CE4 /* main.m */; };
		26B31DFA1D28E13800721CE4 /* AppDelegate.m in Sources */ = {isa = PBXBuildFile; fileRef = 26B31DF91D28E13800721CE4 /* AppDelegate.m */; };
		26B31E001D28E13800721CE4 /* Main.storyboard in Resources */ = {isa = PBXBuildFile; fileRef = 26B31DFE1D28E13800721CE4 /* Main.storyboard */; };
		26B31E021D28E13800721CE4 /* Assets.xcassets in Resources */ = {isa = PBXBuildFile; fileRef = 26B31E011D28E13800721CE4 /* Assets.xcassets */; };
		26B31E051D28E13800721CE4 /* LaunchScreen.storyboard in Resources */ = {isa = PBXBuildFile; fileRef = 26B31E031D28E13800721CE4 /* LaunchScreen.storyboard */; };
		26B31E101D28E13800721CE4 /* JXHomepwnerTests.m in Sources */ = {isa = PBXBuildFile; fileRef = 26B31E0F1D28E13800721CE4 /* JXHomepwnerTests.m */; };
		26B31E1B1D28E13800721CE4 /* JXHomepwnerUITests.m in Sources */ = {isa = PBXBuildFile; fileRef = 26B31E1A1D28E13800721CE4 /* JXHomepwnerUITests.m */; };
		26B31E2A1D28E1C400721CE4 /* JXItemsViewController.m in Sources */ = {isa = PBXBuildFile; fileRef = 26B31E291D28E1C400721CE4 /* JXItemsViewController.m */; };
		26B31E2D1D28E3D400721CE4 /* JXItem.m in Sources */ = {isa = PBXBuildFile; fileRef = 26B31E2C1D28E3D400721CE4 /* JXItem.m */; };
		26B31E301D28E3FF00721CE4 /* JXItemStore.m in Sources */ = {isa = PBXBuildFile; fileRef = 26B31E2F1D28E3FF00721CE4 /* JXItemStore.m */; };
/* End PBXBuildFile section */

/* Begin PBXContainerItemProxy section */
		26B31E0C1D28E13800721CE4 /* PBXContainerItemProxy */ = {
			isa = PBXContainerItemProxy;
			containerPortal = 26B31DEA1D28E13800721CE4 /* Project object */;
			proxyType = 1;
			remoteGlobalIDString = 26B31DF11D28E13800721CE4;
			remoteInfo = JXHomepwner;
		};
		26B31E171D28E13800721CE4 /* PBXContainerItemProxy */ = {
			isa = PBXContainerItemProxy;
			containerPortal = 26B31DEA1D28E13800721CE4 /* Project object */;
			proxyType = 1;
			remoteGlobalIDString = 26B31DF11D28E13800721CE4;
			remoteInfo = JXHomepwner;
		};
/* End PBXContainerItemProxy section */

/* Begin PBXFileReference section */
		261CE4BB1D2A4EC900719B85 /* JXDetailViewController.h */ = {isa = PBXFileReference; fileEncoding = 4; lastKnownFileType = sourcecode.c.h; path = JXDetailViewController.h; sourceTree = "<group>"; };
		261CE4BC1D2A4EC900719B85 /* JXDetailViewController.m */ = {isa = PBXFileReference; fileEncoding = 4; lastKnownFileType = sourcecode.c.objc; path = JXDetailViewController.m; sourceTree = "<group>"; };
		261CE4BD1D2A4EC900719B85 /* JXDetailViewController.xib */ = {isa = PBXFileReference; fileEncoding = 4; lastKnownFileType = file.xib; path = JXDetailViewController.xib; sourceTree = "<group>"; };
		26B31DF21D28E13800721CE4 /* JXHomepwner.app */ = {isa = PBXFileReference; explicitFileType = wrapper.application; includeInIndex = 0; path = JXHomepwner.app; sourceTree = BUILT_PRODUCTS_DIR; };
		26B31DF61D28E13800721CE4 /* main.m */ = {isa = PBXFileReference; lastKnownFileType = sourcecode.c.objc; path = main.m; sourceTree = "<group>"; };
		26B31DF81D28E13800721CE4 /* AppDelegate.h */ = {isa = PBXFileReference; lastKnownFileType = sourcecode.c.h; path = AppDelegate.h; sourceTree = "<group>"; };
		26B31DF91D28E13800721CE4 /* AppDelegate.m */ = {isa = PBXFileReference; lastKnownFileType = sourcecode.c.objc; path = AppDelegate.m; sourceTree = "<group>"; };
		26B31DFF1D28E13800721CE4 /* Base */ = {isa = PBXFileReference; lastKnownFileType = file.storyboard; name = Base; path = Base.lproj/Main.storyboard; sourceTree = "<group>"; };
		26B31E011D28E13800721CE4 /* Assets.xcassets */ = {isa = PBXFileReference; lastKnownFileType = folder.assetcatalog; path = Assets.xcassets; sourceTree = "<group>"; };
		26B31E041D28E13800721CE4 /* Base */ = {isa = PBXFileReference; lastKnownFileType = file.storyboard; name = Base; path = Base.lproj/LaunchScreen.storyboard; sourceTree = "<group>"; };
		26B31E061D28E13800721CE4 /* Info.plist */ = {isa = PBXFileReference; lastKnownFileType = text.plist.xml; path = Info.plist; sourceTree = "<group>"; };
		26B31E0B1D28E13800721CE4 /* JXHomepwnerTests.xctest */ = {isa = PBXFileReference; explicitFileType = wrapper.cfbundle; includeInIndex = 0; path = JXHomepwnerTests.xctest; sourceTree = BUILT_PRODUCTS_DIR; };
		26B31E0F1D28E13800721CE4 /* JXHomepwnerTests.m */ = {isa = PBXFileReference; lastKnownFileType = sourcecode.c.objc; path = JXHomepwnerTests.m; sourceTree = "<group>"; };
		26B31E111D28E13800721CE4 /* Info.plist */ = {isa = PBXFileReference; lastKnownFileType = text.plist.xml; path = Info.plist; sourceTree = "<group>"; };
		26B31E161D28E13800721CE4 /* JXHomepwnerUITests.xctest */ = {isa = PBXFileReference; explicitFileType = wrapper.cfbundle; includeInIndex = 0; path = JXHomepwnerUITests.xctest; sourceTree = BUILT_PRODUCTS_DIR; };
		26B31E1A1D28E13800721CE4 /* JXHomepwnerUITests.m */ = {isa = PBXFileReference; lastKnownFileType = sourcecode.c.objc; path = JXHomepwnerUITests.m; sourceTree = "<group>"; };
		26B31E1C1D28E13800721CE4 /* Info.plist */ = {isa = PBXFileReference; lastKnownFileType = text.plist.xml; path = Info.plist; sourceTree = "<group>"; };
		26B31E281D28E1C400721CE4 /* JXItemsViewController.h */ = {isa = PBXFileReference; fileEncoding = 4; lastKnownFileType = sourcecode.c.h; path = JXItemsViewController.h; sourceTree = "<group>"; };
		26B31E291D28E1C400721CE4 /* JXItemsViewController.m */ = {isa = PBXFileReference; fileEncoding = 4; lastKnownFileType = sourcecode.c.objc; path = JXItemsViewController.m; sourceTree = "<group>"; };
		26B31E2B1D28E3D400721CE4 /* JXItem.h */ = {isa = PBXFileReference; fileEncoding = 4; lastKnownFileType = sourcecode.c.h; path = JXItem.h; sourceTree = "<group>"; };
		26B31E2C1D28E3D400721CE4 /* JXItem.m */ = {isa = PBXFileReference; fileEncoding = 4; lastKnownFileType = sourcecode.c.objc; path = JXItem.m; sourceTree = "<group>"; };
		26B31E2E1D28E3FF00721CE4 /* JXItemStore.h */ = {isa = PBXFileReference; fileEncoding = 4; lastKnownFileType = sourcecode.c.h; path = JXItemStore.h; sourceTree = "<group>"; };
		26B31E2F1D28E3FF00721CE4 /* JXItemStore.m */ = {isa = PBXFileReference; fileEncoding = 4; lastKnownFileType = sourcecode.c.objc; path = JXItemStore.m; sourceTree = "<group>"; };
/* End PBXFileReference section */

/* Begin PBXFrameworksBuildPhase section */
		26B31DEF1D28E13800721CE4 /* Frameworks */ = {
			isa = PBXFrameworksBuildPhase;
			buildActionMask = 2147483647;
			files = (
			);
			runOnlyForDeploymentPostprocessing = 0;
		};
		26B31E081D28E13800721CE4 /* Frameworks */ = {
			isa = PBXFrameworksBuildPhase;
			buildActionMask = 2147483647;
			files = (
			);
			runOnlyForDeploymentPostprocessing = 0;
		};
		26B31E131D28E13800721CE4 /* Frameworks */ = {
			isa = PBXFrameworksBuildPhase;
			buildActionMask = 2147483647;
			files = (
			);
			runOnlyForDeploymentPostprocessing = 0;
		};
/* End PBXFrameworksBuildPhase section */

/* Begin PBXGroup section */
		26B31DE91D28E13800721CE4 = {
			isa = PBXGroup;
			children = (
				26B31DF41D28E13800721CE4 /* JXHomepwner */,
				26B31E0E1D28E13800721CE4 /* JXHomepwnerTests */,
				26B31E191D28E13800721CE4 /* JXHomepwnerUITests */,
				26B31DF31D28E13800721CE4 /* Products */,
			);
			sourceTree = "<group>";
		};
		26B31DF31D28E13800721CE4 /* Products */ = {
			isa = PBXGroup;
			children = (
				26B31DF21D28E13800721CE4 /* JXHomepwner.app */,
				26B31E0B1D28E13800721CE4 /* JXHomepwnerTests.xctest */,
				26B31E161D28E13800721CE4 /* JXHomepwnerUITests.xctest */,
			);
			name = Products;
			sourceTree = "<group>";
		};
		26B31DF41D28E13800721CE4 /* JXHomepwner */ = {
			isa = PBXGroup;
			children = (
				26B31DF81D28E13800721CE4 /* AppDelegate.h */,
				26B31DF91D28E13800721CE4 /* AppDelegate.m */,
				26B31E281D28E1C400721CE4 /* JXItemsViewController.h */,
				26B31E291D28E1C400721CE4 /* JXItemsViewController.m */,
				261CE4BB1D2A4EC900719B85 /* JXDetailViewController.h */,
				261CE4BC1D2A4EC900719B85 /* JXDetailViewController.m */,
				261CE4BD1D2A4EC900719B85 /* JXDetailViewController.xib */,
				26B31E2E1D28E3FF00721CE4 /* JXItemStore.h */,
				26B31E2F1D28E3FF00721CE4 /* JXItemStore.m */,
				26B31E2B1D28E3D400721CE4 /* JXItem.h */,
				26B31E2C1D28E3D400721CE4 /* JXItem.m */,
				26B31DFE1D28E13800721CE4 /* Main.storyboard */,
				26B31E011D28E13800721CE4 /* Assets.xcassets */,
				26B31E031D28E13800721CE4 /* LaunchScreen.storyboard */,
				26B31E061D28E13800721CE4 /* Info.plist */,
				26B31DF51D28E13800721CE4 /* Supporting Files */,
			);
			path = JXHomepwner;
			sourceTree = "<group>";
		};
		26B31DF51D28E13800721CE4 /* Supporting Files */ = {
			isa = PBXGroup;
			children = (
				26B31DF61D28E13800721CE4 /* main.m */,
			);
			name = "Supporting Files";
			sourceTree = "<group>";
		};
		26B31E0E1D28E13800721CE4 /* JXHomepwnerTests */ = {
			isa = PBXGroup;
			children = (
				26B31E0F1D28E13800721CE4 /* JXHomepwnerTests.m */,
				26B31E111D28E13800721CE4 /* Info.plist */,
			);
			path = JXHomepwnerTests;
			sourceTree = "<group>";
		};
		26B31E191D28E13800721CE4 /* JXHomepwnerUITests */ = {
			isa = PBXGroup;
			children = (
				26B31E1A1D28E13800721CE4 /* JXHomepwnerUITests.m */,
				26B31E1C1D28E13800721CE4 /* Info.plist */,
			);
			path = JXHomepwnerUITests;
			sourceTree = "<group>";
		};
/* End PBXGroup section */

/* Begin PBXNativeTarget section */
		26B31DF11D28E13800721CE4 /* JXHomepwner */ = {
			isa = PBXNativeTarget;
			buildConfigurationList = 26B31E1F1D28E13800721CE4 /* Build configuration list for PBXNativeTarget "JXHomepwner" */;
			buildPhases = (
				26B31DEE1D28E13800721CE4 /* Sources */,
				26B31DEF1D28E13800721CE4 /* Frameworks */,
				26B31DF01D28E13800721CE4 /* Resources */,
			);
			buildRules = (
			);
			dependencies = (
			);
			name = JXHomepwner;
			productName = JXHomepwner;
			productReference = 26B31DF21D28E13800721CE4 /* JXHomepwner.app */;
			productType = "com.apple.product-type.application";
		};
		26B31E0A1D28E13800721CE4 /* JXHomepwnerTests */ = {
			isa = PBXNativeTarget;
			buildConfigurationList = 26B31E221D28E13800721CE4 /* Build configuration list for PBXNativeTarget "JXHomepwnerTests" */;
			buildPhases = (
				26B31E071D28E13800721CE4 /* Sources */,
				26B31E081D28E13800721CE4 /* Frameworks */,
				26B31E091D28E13800721CE4 /* Resources */,
			);
			buildRules = (
			);
			dependencies = (
				26B31E0D1D28E13800721CE4 /* PBXTargetDependency */,
			);
			name = JXHomepwnerTests;
			productName = JXHomepwnerTests;
			productReference = 26B31E0B1D28E13800721CE4 /* JXHomepwnerTests.xctest */;
			productType = "com.apple.product-type.bundle.unit-test";
		};
		26B31E151D28E13800721CE4 /* JXHomepwnerUITests */ = {
			isa = PBXNativeTarget;
			buildConfigurationList = 26B31E251D28E13800721CE4 /* Build configuration list for PBXNativeTarget "JXHomepwnerUITests" */;
			buildPhases = (
				26B31E121D28E13800721CE4 /* Sources */,
				26B31E131D28E13800721CE4 /* Frameworks */,
				26B31E141D28E13800721CE4 /* Resources */,
			);
			buildRules = (
			);
			dependencies = (
				26B31E181D28E13800721CE4 /* PBXTargetDependency */,
			);
			name = JXHomepwnerUITests;
			productName = JXHomepwnerUITests;
			productReference = 26B31E161D28E13800721CE4 /* JXHomepwnerUITests.xctest */;
			productType = "com.apple.product-type.bundle.ui-testing";
		};
/* End PBXNativeTarget section */

/* Begin PBXProject section */
		26B31DEA1D28E13800721CE4 /* Project object */ = {
			isa = PBXProject;
			attributes = {
				LastUpgradeCheck = 0730;
				ORGANIZATIONNAME = Wangjiaxiang;
				TargetAttributes = {
					26B31DF11D28E13800721CE4 = {
						CreatedOnToolsVersion = 7.3.1;
						DevelopmentTeam = 6F399U28WY;
					};
					26B31E0A1D28E13800721CE4 = {
						CreatedOnToolsVersion = 7.3.1;
						DevelopmentTeam = 6F399U28WY;
						TestTargetID = 26B31DF11D28E13800721CE4;
					};
					26B31E151D28E13800721CE4 = {
						CreatedOnToolsVersion = 7.3.1;
						DevelopmentTeam = 6F399U28WY;
						TestTargetID = 26B31DF11D28E13800721CE4;
					};
				};
			};
			buildConfigurationList = 26B31DED1D28E13800721CE4 /* Build configuration list for PBXProject "JXHomepwner" */;
			compatibilityVersion = "Xcode 3.2";
			developmentRegion = English;
			hasScannedForEncodings = 0;
			knownRegions = (
				en,
				Base,
			);
			mainGroup = 26B31DE91D28E13800721CE4;
			productRefGroup = 26B31DF31D28E13800721CE4 /* Products */;
			projectDirPath = "";
			projectRoot = "";
			targets = (
				26B31DF11D28E13800721CE4 /* JXHomepwner */,
				26B31E0A1D28E13800721CE4 /* JXHomepwnerTests */,
				26B31E151D28E13800721CE4 /* JXHomepwnerUITests */,
			);
		};
/* End PBXProject section */

/* Begin PBXResourcesBuildPhase section */
		26B31DF01D28E13800721CE4 /* Resources */ = {
			isa = PBXResourcesBuildPhase;
			buildActionMask = 2147483647;
			files = (
				26B31E051D28E13800721CE4 /* LaunchScreen.storyboard in Resources */,
				26B31E021D28E13800721CE4 /* Assets.xcassets in Resources */,
				26B31E001D28E13800721CE4 /* Main.storyboard in Resources */,
				261CE4BF1D2A4EC900719B85 /* JXDetailViewController.xib in Resources */,
			);
			runOnlyForDeploymentPostprocessing = 0;
		};
		26B31E091D28E13800721CE4 /* Resources */ = {
			isa = PBXResourcesBuildPhase;
			buildActionMask = 2147483647;
			files = (
			);
			runOnlyForDeploymentPostprocessing = 0;
		};
		26B31E141D28E13800721CE4 /* Resources */ = {
			isa = PBXResourcesBuildPhase;
			buildActionMask = 2147483647;
			files = (
			);
			runOnlyForDeploymentPostprocessing = 0;
		};
/* End PBXResourcesBuildPhase section */

/* Begin PBXSourcesBuildPhase section */
		26B31DEE1D28E13800721CE4 /* Sources */ = {
			isa = PBXSourcesBuildPhase;
			buildActionMask = 2147483647;
			files = (
				26B31E301D28E3FF00721CE4 /* JXItemStore.m in Sources */,
				26B31E2A1D28E1C400721CE4 /* JXItemsViewController.m in Sources */,
				26B31DFA1D28E13800721CE4 /* AppDelegate.m in Sources */,
				261CE4BE1D2A4EC900719B85 /* JXDetailViewController.m in Sources */,
				26B31DF71D28E13800721CE4 /* main.m in Sources */,
				26B31E2D1D28E3D400721CE4 /* JXItem.m in Sources */,
			);
			runOnlyForDeploymentPostprocessing = 0;
		};
		26B31E071D28E13800721CE4 /* Sources */ = {
			isa = PBXSourcesBuildPhase;
			buildActionMask = 2147483647;
			files = (
				26B31E101D28E13800721CE4 /* JXHomepwnerTests.m in Sources */,
			);
			runOnlyForDeploymentPostprocessing = 0;
		};
		26B31E121D28E13800721CE4 /* Sources */ = {
			isa = PBXSourcesBuildPhase;
			buildActionMask = 2147483647;
			files = (
				26B31E1B1D28E13800721CE4 /* JXHomepwnerUITests.m in Sources */,
			);
			runOnlyForDeploymentPostprocessing = 0;
		};
/* End PBXSourcesBuildPhase section */

/* Begin PBXTargetDependency section */
		26B31E0D1D28E13800721CE4 /* PBXTargetDependency */ = {
			isa = PBXTargetDependency;
			target = 26B31DF11D28E13800721CE4 /* JXHomepwner */;
			targetProxy = 26B31E0C1D28E13800721CE4 /* PBXContainerItemProxy */;
		};
		26B31E181D28E13800721CE4 /* PBXTargetDependency */ = {
			isa = PBXTargetDependency;
			target = 26B31DF11D28E13800721CE4 /* JXHomepwner */;
			targetProxy = 26B31E171D28E13800721CE4 /* PBXContainerItemProxy */;
		};
/* End PBXTargetDependency section */

/* Begin PBXVariantGroup section */
		26B31DFE1D28E13800721CE4 /* Main.storyboard */ = {
			isa = PBXVariantGroup;
			children = (
				26B31DFF1D28E13800721CE4 /* Base */,
			);
			name = Main.storyboard;
			sourceTree = "<group>";
		};
		26B31E031D28E13800721CE4 /* LaunchScreen.storyboard */ = {
			isa = PBXVariantGroup;
			children = (
				26B31E041D28E13800721CE4 /* Base */,
			);
			name = LaunchScreen.storyboard;
			sourceTree = "<group>";
		};
/* End PBXVariantGroup section */

/* Begin XCBuildConfiguration section */
		26B31E1D1D28E13800721CE4 /* Debug */ = {
			isa = XCBuildConfiguration;
			buildSettings = {
				ALWAYS_SEARCH_USER_PATHS = NO;
				CLANG_ANALYZER_NONNULL = YES;
				CLANG_CXX_LANGUAGE_STANDARD = "gnu++0x";
				CLANG_CXX_LIBRARY = "libc++";
				CLANG_ENABLE_MODULES = YES;
				CLANG_ENABLE_OBJC_ARC = YES;
				CLANG_WARN_BOOL_CONVERSION = YES;
				CLANG_WARN_CONSTANT_CONVERSION = YES;
				CLANG_WARN_DIRECT_OBJC_ISA_USAGE = YES_ERROR;
				CLANG_WARN_EMPTY_BODY = YES;
				CLANG_WARN_ENUM_CONVERSION = YES;
				CLANG_WARN_INT_CONVERSION = YES;
				CLANG_WARN_OBJC_ROOT_CLASS = YES_ERROR;
				CLANG_WARN_UNREACHABLE_CODE = YES;
				CLANG_WARN__DUPLICATE_METHOD_MATCH = YES;
				"CODE_SIGN_IDENTITY[sdk=iphoneos*]" = "iPhone Developer";
				COPY_PHASE_STRIP = NO;
				DEBUG_INFORMATION_FORMAT = dwarf;
				ENABLE_STRICT_OBJC_MSGSEND = YES;
				ENABLE_TESTABILITY = YES;
				GCC_C_LANGUAGE_STANDARD = gnu99;
				GCC_DYNAMIC_NO_PIC = NO;
				GCC_NO_COMMON_BLOCKS = YES;
				GCC_OPTIMIZATION_LEVEL = 0;
				GCC_PREPROCESSOR_DEFINITIONS = (
					"DEBUG=1",
					"$(inherited)",
				);
				GCC_WARN_64_TO_32_BIT_CONVERSION = YES;
				GCC_WARN_ABOUT_RETURN_TYPE = YES_ERROR;
				GCC_WARN_UNDECLARED_SELECTOR = YES;
				GCC_WARN_UNINITIALIZED_AUTOS = YES_AGGRESSIVE;
				GCC_WARN_UNUSED_FUNCTION = YES;
				GCC_WARN_UNUSED_VARIABLE = YES;
				IPHONEOS_DEPLOYMENT_TARGET = 9.3;
				MTL_ENABLE_DEBUG_INFO = YES;
				ONLY_ACTIVE_ARCH = YES;
				SDKROOT = iphoneos;
			};
			name = Debug;
		};
		26B31E1E1D28E13800721CE4 /* Release */ = {
			isa = XCBuildConfiguration;
			buildSettings = {
				ALWAYS_SEARCH_USER_PATHS = NO;
				CLANG_ANALYZER_NONNULL = YES;
				CLANG_CXX_LANGUAGE_STANDARD = "gnu++0x";
				CLANG_CXX_LIBRARY = "libc++";
				CLANG_ENABLE_MODULES = YES;
				CLANG_ENABLE_OBJC_ARC = YES;
				CLANG_WARN_BOOL_CONVERSION = YES;
				CLANG_WARN_CONSTANT_CONVERSION = YES;
				CLANG_WARN_DIRECT_OBJC_ISA_USAGE = YES_ERROR;
				CLANG_WARN_EMPTY_BODY = YES;
				CLANG_WARN_ENUM_CONVERSION = YES;
				CLANG_WARN_INT_CONVERSION = YES;
				CLANG_WARN_OBJC_ROOT_CLASS = YES_ERROR;
				CLANG_WARN_UNREACHABLE_CODE = YES;
				CLANG_WARN__DUPLICATE_METHOD_MATCH = YES;
				"CODE_SIGN_IDENTITY[sdk=iphoneos*]" = "iPhone Developer";
				COPY_PHASE_STRIP = NO;
				DEBUG_INFORMATION_FORMAT = "dwarf-with-dsym";
				ENABLE_NS_ASSERTIONS = NO;
				ENABLE_STRICT_OBJC_MSGSEND = YES;
				GCC_C_LANGUAGE_STANDARD = gnu99;
				GCC_NO_COMMON_BLOCKS = YES;
				GCC_WARN_64_TO_32_BIT_CONVERSION = YES;
				GCC_WARN_ABOUT_RETURN_TYPE = YES_ERROR;
				GCC_WARN_UNDECLARED_SELECTOR = YES;
				GCC_WARN_UNINITIALIZED_AUTOS = YES_AGGRESSIVE;
				GCC_WARN_UNUSED_FUNCTION = YES;
				GCC_WARN_UNUSED_VARIABLE = YES;
				IPHONEOS_DEPLOYMENT_TARGET = 9.3;
				MTL_ENABLE_DEBUG_INFO = NO;
				SDKROOT = iphoneos;
				VALIDATE_PRODUCT = YES;
			};
			name = Release;
		};
		26B31E201D28E13800721CE4 /* Debug */ = {
			isa = XCBuildConfiguration;
			buildSettings = {
				ASSETCATALOG_COMPILER_APPICON_NAME = AppIcon;
				INFOPLIST_FILE = JXHomepwner/Info.plist;
				LD_RUNPATH_SEARCH_PATHS = "$(inherited) @executable_path/Frameworks";
				PRODUCT_BUNDLE_IDENTIFIER = com.rookieJX.JXHomepwner;
				PRODUCT_NAME = "$(TARGET_NAME)";
			};
			name = Debug;
		};
		26B31E211D28E13800721CE4 /* Release */ = {
			isa = XCBuildConfiguration;
			buildSettings = {
				ASSETCATALOG_COMPILER_APPICON_NAME = AppIcon;
				INFOPLIST_FILE = JXHomepwner/Info.plist;
				LD_RUNPATH_SEARCH_PATHS = "$(inherited) @executable_path/Frameworks";
				PRODUCT_BUNDLE_IDENTIFIER = com.rookieJX.JXHomepwner;
				PRODUCT_NAME = "$(TARGET_NAME)";
			};
			name = Release;
		};
		26B31E231D28E13800721CE4 /* Debug */ = {
			isa = XCBuildConfiguration;
			buildSettings = {
				BUNDLE_LOADER = "$(TEST_HOST)";
				INFOPLIST_FILE = JXHomepwnerTests/Info.plist;
				LD_RUNPATH_SEARCH_PATHS = "$(inherited) @executable_path/Frameworks @loader_path/Frameworks";
				PRODUCT_BUNDLE_IDENTIFIER = com.rookieJX.JXHomepwnerTests;
				PRODUCT_NAME = "$(TARGET_NAME)";
				TEST_HOST = "$(BUILT_PRODUCTS_DIR)/JXHomepwner.app/JXHomepwner";
			};
			name = Debug;
		};
		26B31E241D28E13800721CE4 /* Release */ = {
			isa = XCBuildConfiguration;
			buildSettings = {
				BUNDLE_LOADER = "$(TEST_HOST)";
				INFOPLIST_FILE = JXHomepwnerTests/Info.plist;
				LD_RUNPATH_SEARCH_PATHS = "$(inherited) @executable_path/Frameworks @loader_path/Frameworks";
				PRODUCT_BUNDLE_IDENTIFIER = com.rookieJX.JXHomepwnerTests;
				PRODUCT_NAME = "$(TARGET_NAME)";
				TEST_HOST = "$(BUILT_PRODUCTS_DIR)/JXHomepwner.app/JXHomepwner";
			};
			name = Release;
		};
		26B31E261D28E13800721CE4 /* Debug */ = {
			isa = XCBuildConfiguration;
			buildSettings = {
				INFOPLIST_FILE = JXHomepwnerUITests/Info.plist;
				LD_RUNPATH_SEARCH_PATHS = "$(inherited) @executable_path/Frameworks @loader_path/Frameworks";
				PRODUCT_BUNDLE_IDENTIFIER = com.rookieJX.JXHomepwnerUITests;
				PRODUCT_NAME = "$(TARGET_NAME)";
				TEST_TARGET_NAME = JXHomepwner;
			};
			name = Debug;
		};
		26B31E271D28E13800721CE4 /* Release */ = {
			isa = XCBuildConfiguration;
			buildSettings = {
				INFOPLIST_FILE = JXHomepwnerUITests/Info.plist;
				LD_RUNPATH_SEARCH_PATHS = "$(inherited) @executable_path/Frameworks @loader_path/Frameworks";
				PRODUCT_BUNDLE_IDENTIFIER = com.rookieJX.JXHomepwnerUITests;
				PRODUCT_NAME = "$(TARGET_NAME)";
				TEST_TARGET_NAME = JXHomepwner;
			};
			name = Release;
		};
/* End XCBuildConfiguration section */

/* Begin XCConfigurationList section */
		26B31DED1D28E13800721CE4 /* Build configuration list for PBXProject "JXHomepwner" */ = {
			isa = XCConfigurationList;
			buildConfigurations = (
				26B31E1D1D28E13800721CE4 /* Debug */,
				26B31E1E1D28E13800721CE4 /* Release */,
			);
			defaultConfigurationIsVisible = 0;
			defaultConfigurationName = Release;
		};
		26B31E1F1D28E13800721CE4 /* Build configuration list for PBXNativeTarget "JXHomepwner" */ = {
			isa = XCConfigurationList;
			buildConfigurations = (
				26B31E201D28E13800721CE4 /* Debug */,
				26B31E211D28E13800721CE4 /* Release */,
			);
			defaultConfigurationIsVisible = 0;
			defaultConfigurationName = Release;
		};
		26B31E221D28E13800721CE4 /* Build configuration list for PBXNativeTarget "JXHomepwnerTests" */ = {
			isa = XCConfigurationList;
			buildConfigurations = (
				26B31E231D28E13800721CE4 /* Debug */,
				26B31E241D28E13800721CE4 /* Release */,
			);
			defaultConfigurationIsVisible = 0;
			defaultConfigurationName = Release;
		};
		26B31E251D28E13800721CE4 /* Build configuration list for PBXNativeTarget "JXHomepwnerUITests" */ = {
			isa = XCConfigurationList;
			buildConfigurations = (
				26B31E261D28E13800721CE4 /* Debug */,
				26B31E271D28E13800721CE4 /* Release */,
			);
			defaultConfigurationIsVisible = 0;
			defaultConfigurationName = Release;
		};
/* End XCConfigurationList section */
	};
	rootObject = 26B31DEA1D28E13800721CE4 /* Project object */;
}
